// !$*UTF8*$!
{
	archiveVersion = 1;
	classes = {
	};
	objectVersion = 56;
	objects = {

/* Begin PBXBuildFile section */
		C80E22242CDA9F0B00C55086 /* NotificationView.swift in Sources */ = {isa = PBXBuildFile; fileRef = C80E22232CDA9F0B00C55086 /* NotificationView.swift */; };
		C80E22272CDAB56100C55086 /* AppearanceView.swift in Sources */ = {isa = PBXBuildFile; fileRef = C80E22262CDAB56100C55086 /* AppearanceView.swift */; };
		C864778A2CAAD0B9009407D0 /* FixYourTimeApp.swift in Sources */ = {isa = PBXBuildFile; fileRef = C86477892CAAD0B9009407D0 /* FixYourTimeApp.swift */; };
		C864778C2CAAD0B9009407D0 /* ContentView.swift in Sources */ = {isa = PBXBuildFile; fileRef = C864778B2CAAD0B9009407D0 /* ContentView.swift */; };
		C864778E2CAAD0BB009407D0 /* Assets.xcassets in Resources */ = {isa = PBXBuildFile; fileRef = C864778D2CAAD0BB009407D0 /* Assets.xcassets */; };
		C86477912CAAD0BB009407D0 /* Preview Assets.xcassets in Resources */ = {isa = PBXBuildFile; fileRef = C86477902CAAD0BB009407D0 /* Preview Assets.xcassets */; };
		C864779A2CAAD9DD009407D0 /* LaunchScreenView.swift in Sources */ = {isa = PBXBuildFile; fileRef = C86477992CAAD9DD009407D0 /* LaunchScreenView.swift */; };
		C864779C2CAC8886009407D0 /* MainView.swift in Sources */ = {isa = PBXBuildFile; fileRef = C864779B2CAC8886009407D0 /* MainView.swift */; };
		C864779E2CAC888F009407D0 /* SettingsView.swift in Sources */ = {isa = PBXBuildFile; fileRef = C864779D2CAC888F009407D0 /* SettingsView.swift */; };
		C86477A02CAC88AC009407D0 /* CalendarView.swift in Sources */ = {isa = PBXBuildFile; fileRef = C864779F2CAC88AC009407D0 /* CalendarView.swift */; };
/* End PBXBuildFile section */

/* Begin PBXFileReference section */
		C80E22232CDA9F0B00C55086 /* NotificationView.swift */ = {isa = PBXFileReference; lastKnownFileType = sourcecode.swift; path = NotificationView.swift; sourceTree = "<group>"; };
		C80E22262CDAB56100C55086 /* AppearanceView.swift */ = {isa = PBXFileReference; lastKnownFileType = sourcecode.swift; path = AppearanceView.swift; sourceTree = "<group>"; };
		C86477862CAAD0B9009407D0 /* FixYourTime.app */ = {isa = PBXFileReference; explicitFileType = wrapper.application; includeInIndex = 0; path = FixYourTime.app; sourceTree = BUILT_PRODUCTS_DIR; };
		C86477892CAAD0B9009407D0 /* FixYourTimeApp.swift */ = {isa = PBXFileReference; lastKnownFileType = sourcecode.swift; path = FixYourTimeApp.swift; sourceTree = "<group>"; };
		C864778B2CAAD0B9009407D0 /* ContentView.swift */ = {isa = PBXFileReference; lastKnownFileType = sourcecode.swift; path = ContentView.swift; sourceTree = "<group>"; };
		C864778D2CAAD0BB009407D0 /* Assets.xcassets */ = {isa = PBXFileReference; lastKnownFileType = folder.assetcatalog; path = Assets.xcassets; sourceTree = "<group>"; };
		C86477902CAAD0BB009407D0 /* Preview Assets.xcassets */ = {isa = PBXFileReference; lastKnownFileType = folder.assetcatalog; path = "Preview Assets.xcassets"; sourceTree = "<group>"; };
		C86477992CAAD9DD009407D0 /* LaunchScreenView.swift */ = {isa = PBXFileReference; lastKnownFileType = sourcecode.swift; path = LaunchScreenView.swift; sourceTree = "<group>"; };
		C864779B2CAC8886009407D0 /* MainView.swift */ = {isa = PBXFileReference; lastKnownFileType = sourcecode.swift; path = MainView.swift; sourceTree = "<group>"; };
		C864779D2CAC888F009407D0 /* SettingsView.swift */ = {isa = PBXFileReference; lastKnownFileType = sourcecode.swift; path = SettingsView.swift; sourceTree = "<group>"; };
		C864779F2CAC88AC009407D0 /* CalendarView.swift */ = {isa = PBXFileReference; lastKnownFileType = sourcecode.swift; path = CalendarView.swift; sourceTree = "<group>"; };
/* End PBXFileReference section */

/* Begin PBXFrameworksBuildPhase section */
		C86477832CAAD0B9009407D0 /* Frameworks */ = {
			isa = PBXFrameworksBuildPhase;
			buildActionMask = 2147483647;
			files = (
			);
			runOnlyForDeploymentPostprocessing = 0;
		};
/* End PBXFrameworksBuildPhase section */

/* Begin PBXGroup section */
		C80E22252CDAB4CA00C55086 /* SettingsViews */ = {
			isa = PBXGroup;
			children = (
				C80E22292CDAB5AF00C55086 /* AdditionalSettings */,
				C80E22282CDAB59700C55086 /* MainSettings */,
			);
			path = SettingsViews;
			sourceTree = "<group>";
		};
		C80E22282CDAB59700C55086 /* MainSettings */ = {
			isa = PBXGroup;
			children = (
				C80E22232CDA9F0B00C55086 /* NotificationView.swift */,
				C80E22262CDAB56100C55086 /* AppearanceView.swift */,
			);
			name = MainSettings;
			sourceTree = "<group>";
		};
		C80E22292CDAB5AF00C55086 /* AdditionalSettings */ = {
			isa = PBXGroup;
			children = (
			);
			name = AdditionalSettings;
			sourceTree = "<group>";
		};
		C864777D2CAAD0B9009407D0 = {
			isa = PBXGroup;
			children = (
				C86477882CAAD0B9009407D0 /* FixYourTime */,
				C86477872CAAD0B9009407D0 /* Products */,
			);
			sourceTree = "<group>";
		};
		C86477872CAAD0B9009407D0 /* Products */ = {
			isa = PBXGroup;
			children = (
				C86477862CAAD0B9009407D0 /* FixYourTime.app */,
			);
			name = Products;
			sourceTree = "<group>";
		};
		C86477882CAAD0B9009407D0 /* FixYourTime */ = {
			isa = PBXGroup;
			children = (
				C86477892CAAD0B9009407D0 /* FixYourTimeApp.swift */,
				C864778B2CAAD0B9009407D0 /* ContentView.swift */,
				C864779B2CAC8886009407D0 /* MainView.swift */,
				C864779F2CAC88AC009407D0 /* CalendarView.swift */,
				C864779D2CAC888F009407D0 /* SettingsView.swift */,
				C80E22252CDAB4CA00C55086 /* SettingsViews */,
				C86477992CAAD9DD009407D0 /* LaunchScreenView.swift */,
				C864778D2CAAD0BB009407D0 /* Assets.xcassets */,
				C864778F2CAAD0BB009407D0 /* Preview Content */,
			);
			path = FixYourTime;
			sourceTree = "<group>";
		};
		C864778F2CAAD0BB009407D0 /* Preview Content */ = {
			isa = PBXGroup;
			children = (
				C86477902CAAD0BB009407D0 /* Preview Assets.xcassets */,
			);
			path = "Preview Content";
			sourceTree = "<group>";
		};
/* End PBXGroup section */

/* Begin PBXNativeTarget section */
		C86477852CAAD0B9009407D0 /* FixYourTime */ = {
			isa = PBXNativeTarget;
			buildConfigurationList = C86477942CAAD0BB009407D0 /* Build configuration list for PBXNativeTarget "FixYourTime" */;
			buildPhases = (
				C86477822CAAD0B9009407D0 /* Sources */,
				C86477832CAAD0B9009407D0 /* Frameworks */,
				C86477842CAAD0B9009407D0 /* Resources */,
			);
			buildRules = (
			);
			dependencies = (
			);
			name = FixYourTime;
			productName = FixYourTime;
			productReference = C86477862CAAD0B9009407D0 /* FixYourTime.app */;
			productType = "com.apple.product-type.application";
		};
/* End PBXNativeTarget section */

/* Begin PBXProject section */
		C864777E2CAAD0B9009407D0 /* Project object */ = {
			isa = PBXProject;
			attributes = {
				BuildIndependentTargetsInParallel = 1;
				LastSwiftUpdateCheck = 1540;
				LastUpgradeCheck = 1540;
				TargetAttributes = {
					C86477852CAAD0B9009407D0 = {
						CreatedOnToolsVersion = 15.4;
					};
				};
			};
			buildConfigurationList = C86477812CAAD0B9009407D0 /* Build configuration list for PBXProject "FixYourTime" */;
			compatibilityVersion = "Xcode 14.0";
			developmentRegion = en;
			hasScannedForEncodings = 0;
			knownRegions = (
				en,
				Base,
			);
			mainGroup = C864777D2CAAD0B9009407D0;
			productRefGroup = C86477872CAAD0B9009407D0 /* Products */;
			projectDirPath = "";
			projectRoot = "";
			targets = (
				C86477852CAAD0B9009407D0 /* FixYourTime */,
			);
		};
/* End PBXProject section */

/* Begin PBXResourcesBuildPhase section */
		C86477842CAAD0B9009407D0 /* Resources */ = {
			isa = PBXResourcesBuildPhase;
			buildActionMask = 2147483647;
			files = (
				C86477912CAAD0BB009407D0 /* Preview Assets.xcassets in Resources */,
				C864778E2CAAD0BB009407D0 /* Assets.xcassets in Resources */,
			);
			runOnlyForDeploymentPostprocessing = 0;
		};
/* End PBXResourcesBuildPhase section */

/* Begin PBXSourcesBuildPhase section */
		C86477822CAAD0B9009407D0 /* Sources */ = {
			isa = PBXSourcesBuildPhase;
			buildActionMask = 2147483647;
			files = (
				C864779E2CAC888F009407D0 /* SettingsView.swift in Sources */,
				C864778C2CAAD0B9009407D0 /* ContentView.swift in Sources */,
				C80E22272CDAB56100C55086 /* AppearanceView.swift in Sources */,
				C86477A02CAC88AC009407D0 /* CalendarView.swift in Sources */,
				C80E22242CDA9F0B00C55086 /* NotificationView.swift in Sources */,
				C864779C2CAC8886009407D0 /* MainView.swift in Sources */,
				C864778A2CAAD0B9009407D0 /* FixYourTimeApp.swift in Sources */,
				C864779A2CAAD9DD009407D0 /* LaunchScreenView.swift in Sources */,
			);
			runOnlyForDeploymentPostprocessing = 0;
		};
/* End PBXSourcesBuildPhase section */

/* Begin XCBuildConfiguration section */
		C86477922CAAD0BB009407D0 /* Debug */ = {
			isa = XCBuildConfiguration;
			buildSettings = {
				ALWAYS_SEARCH_USER_PATHS = NO;
				ASSETCATALOG_COMPILER_GENERATE_SWIFT_ASSET_SYMBOL_EXTENSIONS = YES;
				CLANG_ANALYZER_NONNULL = YES;
				CLANG_ANALYZER_NUMBER_OBJECT_CONVERSION = YES_AGGRESSIVE;
				CLANG_CXX_LANGUAGE_STANDARD = "gnu++20";
				CLANG_ENABLE_MODULES = YES;
				CLANG_ENABLE_OBJC_ARC = YES;
				CLANG_ENABLE_OBJC_WEAK = YES;
				CLANG_WARN_BLOCK_CAPTURE_AUTORELEASING = YES;
				CLANG_WARN_BOOL_CONVERSION = YES;
				CLANG_WARN_COMMA = YES;
				CLANG_WARN_CONSTANT_CONVERSION = YES;
				CLANG_WARN_DEPRECATED_OBJC_IMPLEMENTATIONS = YES;
				CLANG_WARN_DIRECT_OBJC_ISA_USAGE = YES_ERROR;
				CLANG_WARN_DOCUMENTATION_COMMENTS = YES;
				CLANG_WARN_EMPTY_BODY = YES;
				CLANG_WARN_ENUM_CONVERSION = YES;
				CLANG_WARN_INFINITE_RECURSION = YES;
				CLANG_WARN_INT_CONVERSION = YES;
				CLANG_WARN_NON_LITERAL_NULL_CONVERSION = YES;
				CLANG_WARN_OBJC_IMPLICIT_RETAIN_SELF = YES;
				CLANG_WARN_OBJC_LITERAL_CONVERSION = YES;
				CLANG_WARN_OBJC_ROOT_CLASS = YES_ERROR;
				CLANG_WARN_QUOTED_INCLUDE_IN_FRAMEWORK_HEADER = YES;
				CLANG_WARN_RANGE_LOOP_ANALYSIS = YES;
				CLANG_WARN_STRICT_PROTOTYPES = YES;
				CLANG_WARN_SUSPICIOUS_MOVE = YES;
				CLANG_WARN_UNGUARDED_AVAILABILITY = YES_AGGRESSIVE;
				CLANG_WARN_UNREACHABLE_CODE = YES;
				CLANG_WARN__DUPLICATE_METHOD_MATCH = YES;
				COPY_PHASE_STRIP = NO;
				DEBUG_INFORMATION_FORMAT = dwarf;
				ENABLE_STRICT_OBJC_MSGSEND = YES;
				ENABLE_TESTABILITY = YES;
				ENABLE_USER_SCRIPT_SANDBOXING = YES;
				GCC_C_LANGUAGE_STANDARD = gnu17;
				GCC_DYNAMIC_NO_PIC = NO;
				GCC_NO_COMMON_BLOCKS = YES;
				GCC_OPTIMIZATION_LEVEL = 0;
				GCC_PREPROCESSOR_DEFINITIONS = (
					"DEBUG=1",
					"$(inherited)",
				);
				GCC_WARN_64_TO_32_BIT_CONVERSION = YES;
				GCC_WARN_ABOUT_RETURN_TYPE = YES_ERROR;
				GCC_WARN_UNDECLARED_SELECTOR = YES;
				GCC_WARN_UNINITIALIZED_AUTOS = YES_AGGRESSIVE;
				GCC_WARN_UNUSED_FUNCTION = YES;
				GCC_WARN_UNUSED_VARIABLE = YES;
				IPHONEOS_DEPLOYMENT_TARGET = 17.5;
				LOCALIZATION_PREFERS_STRING_CATALOGS = YES;
				MTL_ENABLE_DEBUG_INFO = INCLUDE_SOURCE;
				MTL_FAST_MATH = YES;
				ONLY_ACTIVE_ARCH = YES;
				SDKROOT = iphoneos;
				SWIFT_ACTIVE_COMPILATION_CONDITIONS = "DEBUG $(inherited)";
				SWIFT_OPTIMIZATION_LEVEL = "-Onone";
			};
			name = Debug;
		};
		C86477932CAAD0BB009407D0 /* Release */ = {
			isa = XCBuildConfiguration;
			buildSettings = {
				ALWAYS_SEARCH_USER_PATHS = NO;
				ASSETCATALOG_COMPILER_GENERATE_SWIFT_ASSET_SYMBOL_EXTENSIONS = YES;
				CLANG_ANALYZER_NONNULL = YES;
				CLANG_ANALYZER_NUMBER_OBJECT_CONVERSION = YES_AGGRESSIVE;
				CLANG_CXX_LANGUAGE_STANDARD = "gnu++20";
				CLANG_ENABLE_MODULES = YES;
				CLANG_ENABLE_OBJC_ARC = YES;
				CLANG_ENABLE_OBJC_WEAK = YES;
				CLANG_WARN_BLOCK_CAPTURE_AUTORELEASING = YES;
				CLANG_WARN_BOOL_CONVERSION = YES;
				CLANG_WARN_COMMA = YES;
				CLANG_WARN_CONSTANT_CONVERSION = YES;
				CLANG_WARN_DEPRECATED_OBJC_IMPLEMENTATIONS = YES;
				CLANG_WARN_DIRECT_OBJC_ISA_USAGE = YES_ERROR;
				CLANG_WARN_DOCUMENTATION_COMMENTS = YES;
				CLANG_WARN_EMPTY_BODY = YES;
				CLANG_WARN_ENUM_CONVERSION = YES;
				CLANG_WARN_INFINITE_RECURSION = YES;
				CLANG_WARN_INT_CONVERSION = YES;
				CLANG_WARN_NON_LITERAL_NULL_CONVERSION = YES;
				CLANG_WARN_OBJC_IMPLICIT_RETAIN_SELF = YES;
				CLANG_WARN_OBJC_LITERAL_CONVERSION = YES;
				CLANG_WARN_OBJC_ROOT_CLASS = YES_ERROR;
				CLANG_WARN_QUOTED_INCLUDE_IN_FRAMEWORK_HEADER = YES;
				CLANG_WARN_RANGE_LOOP_ANALYSIS = YES;
				CLANG_WARN_STRICT_PROTOTYPES = YES;
				CLANG_WARN_SUSPICIOUS_MOVE = YES;
				CLANG_WARN_UNGUARDED_AVAILABILITY = YES_AGGRESSIVE;
				CLANG_WARN_UNREACHABLE_CODE = YES;
				CLANG_WARN__DUPLICATE_METHOD_MATCH = YES;
				COPY_PHASE_STRIP = NO;
				DEBUG_INFORMATION_FORMAT = "dwarf-with-dsym";
				ENABLE_NS_ASSERTIONS = NO;
				ENABLE_STRICT_OBJC_MSGSEND = YES;
				ENABLE_USER_SCRIPT_SANDBOXING = YES;
				GCC_C_LANGUAGE_STANDARD = gnu17;
				GCC_NO_COMMON_BLOCKS = YES;
				GCC_WARN_64_TO_32_BIT_CONVERSION = YES;
				GCC_WARN_ABOUT_RETURN_TYPE = YES_ERROR;
				GCC_WARN_UNDECLARED_SELECTOR = YES;
				GCC_WARN_UNINITIALIZED_AUTOS = YES_AGGRESSIVE;
				GCC_WARN_UNUSED_FUNCTION = YES;
				GCC_WARN_UNUSED_VARIABLE = YES;
				IPHONEOS_DEPLOYMENT_TARGET = 17.5;
				LOCALIZATION_PREFERS_STRING_CATALOGS = YES;
				MTL_ENABLE_DEBUG_INFO = NO;
				MTL_FAST_MATH = YES;
				SDKROOT = iphoneos;
				SWIFT_COMPILATION_MODE = wholemodule;
				VALIDATE_PRODUCT = YES;
			};
			name = Release;
		};
		C86477952CAAD0BB009407D0 /* Debug */ = {
			isa = XCBuildConfiguration;
			buildSettings = {
				ASSETCATALOG_COMPILER_APPICON_NAME = AppIcon;
				ASSETCATALOG_COMPILER_GLOBAL_ACCENT_COLOR_NAME = AccentColor;
				CODE_SIGN_STYLE = Automatic;
				CURRENT_PROJECT_VERSION = 1;
				DEVELOPMENT_ASSET_PATHS = "\"FixYourTime/Preview Content\"";
				DEVELOPMENT_TEAM = 8P286W4M79;
				ENABLE_PREVIEWS = YES;
				GENERATE_INFOPLIST_FILE = YES;
				INFOPLIST_KEY_UIApplicationSceneManifest_Generation = YES;
				INFOPLIST_KEY_UIApplicationSupportsIndirectInputEvents = YES;
				INFOPLIST_KEY_UILaunchScreen_Generation = YES;
				INFOPLIST_KEY_UILaunchStoryboardName = LaunchScreenView.swift;
				INFOPLIST_KEY_UISupportedInterfaceOrientations_iPad = "UIInterfaceOrientationPortrait UIInterfaceOrientationPortraitUpsideDown UIInterfaceOrientationLandscapeLeft UIInterfaceOrientationLandscapeRight";
				INFOPLIST_KEY_UISupportedInterfaceOrientations_iPhone = "UIInterfaceOrientationPortrait UIInterfaceOrientationLandscapeLeft UIInterfaceOrientationLandscapeRight";
				LD_RUNPATH_SEARCH_PATHS = (
					"$(inherited)",
					"@executable_path/Frameworks",
				);
				MARKETING_VERSION = 1.0;
				PRODUCT_BUNDLE_IDENTIFIER = com.catherinesmith.FixYourTime;
				PRODUCT_NAME = "$(TARGET_NAME)";
				SWIFT_EMIT_LOC_STRINGS = YES;
				SWIFT_VERSION = 5.0;
				TARGETED_DEVICE_FAMILY = "1,2";
			};
			name = Debug;
		};
		C86477962CAAD0BB009407D0 /* Release */ = {
			isa = XCBuildConfiguration;
			buildSettings = {
				ASSETCATALOG_COMPILER_APPICON_NAME = AppIcon;
				ASSETCATALOG_COMPILER_GLOBAL_ACCENT_COLOR_NAME = AccentColor;
				CODE_SIGN_STYLE = Automatic;
				CURRENT_PROJECT_VERSION = 1;
				DEVELOPMENT_ASSET_PATHS = "\"FixYourTime/Preview Content\"";
				DEVELOPMENT_TEAM = 8P286W4M79;
				ENABLE_PREVIEWS = YES;
				GENERATE_INFOPLIST_FILE = YES;
				INFOPLIST_KEY_UIApplicationSceneManifest_Generation = YES;
				INFOPLIST_KEY_UIApplicationSupportsIndirectInputEvents = YES;
				INFOPLIST_KEY_UILaunchScreen_Generation = YES;
				INFOPLIST_KEY_UILaunchStoryboardName = LaunchScreenView.swift;
				INFOPLIST_KEY_UISupportedInterfaceOrientations_iPad = "UIInterfaceOrientationPortrait UIInterfaceOrientationPortraitUpsideDown UIInterfaceOrientationLandscapeLeft UIInterfaceOrientationLandscapeRight";
				INFOPLIST_KEY_UISupportedInterfaceOrientations_iPhone = "UIInterfaceOrientationPortrait UIInterfaceOrientationLandscapeLeft UIInterfaceOrientationLandscapeRight";
				LD_RUNPATH_SEARCH_PATHS = (
					"$(inherited)",
					"@executable_path/Frameworks",
				);
				MARKETING_VERSION = 1.0;
				PRODUCT_BUNDLE_IDENTIFIER = com.catherinesmith.FixYourTime;
				PRODUCT_NAME = "$(TARGET_NAME)";
				SWIFT_EMIT_LOC_STRINGS = YES;
				SWIFT_VERSION = 5.0;
				TARGETED_DEVICE_FAMILY = "1,2";
			};
			name = Release;
		};
/* End XCBuildConfiguration section */

/* Begin XCConfigurationList section */
		C86477812CAAD0B9009407D0 /* Build configuration list for PBXProject "FixYourTime" */ = {
			isa = XCConfigurationList;
			buildConfigurations = (
				C86477922CAAD0BB009407D0 /* Debug */,
				C86477932CAAD0BB009407D0 /* Release */,
			);
			defaultConfigurationIsVisible = 0;
			defaultConfigurationName = Release;
		};
		C86477942CAAD0BB009407D0 /* Build configuration list for PBXNativeTarget "FixYourTime" */ = {
			isa = XCConfigurationList;
			buildConfigurations = (
				C86477952CAAD0BB009407D0 /* Debug */,
				C86477962CAAD0BB009407D0 /* Release */,
			);
			defaultConfigurationIsVisible = 0;
			defaultConfigurationName = Release;
		};
/* End XCConfigurationList section */
	};
	rootObject = C864777E2CAAD0B9009407D0 /* Project object */;
}
